
Microsoft Visual Studio Solution File, Format Version 12.00
# Visual Studio Version 17
VisualStudioVersion = 17.7.34031.279
MinimumVisualStudioVersion = 10.0.40219.1
Project("{9A19103F-16F7-4668-BE54-9A1E7A4F7556}") = "01. Sum Matrix Elements", "01. Sum Matrix Elements\01. Sum Matrix Elements.csproj", "{484D426D-2F84-4997-B105-5D5FC1566F8E}"
EndProject
Project("{9A19103F-16F7-4668-BE54-9A1E7A4F7556}") = "02. Sum Matrix Columns", "02. Sum Matrix Columns\02. Sum Matrix Columns.csproj", "{64433351-4E18-4D06-BC4F-DA4AE6386D64}"
EndProject
Project("{FAE04EC0-301F-11D3-BF4B-00C04F79EFBC}") = "03. Primary Diagonal", "03. Primary Diagonal\03. Primary Diagonal.csproj", "{36F6BDC0-41DA-44BE-971F-DF7992D881A4}"
EndProject
Project("{FAE04EC0-301F-11D3-BF4B-00C04F79EFBC}") = "04. Symbol in Matrix", "04. Symbol in Matrix\04. Symbol in Matrix.csproj", "{FA55CBFF-B3DA-4816-9343-3B524C73A0DD}"
EndProject
Project("{FAE04EC0-301F-11D3-BF4B-00C04F79EFBC}") = "05. Square With Maximum Sum", "05. Square With Maximum Sum\05. Square With Maximum Sum.csproj", "{44CA7AB4-8E8E-4135-A61E-C4D53C702EBB}"
EndProject
Global
	GlobalSection(SolutionConfigurationPlatforms) = preSolution
		Debug|Any CPU = Debug|Any CPU
		Release|Any CPU = Release|Any CPU
	EndGlobalSection
	GlobalSection(ProjectConfigurationPlatforms) = postSolution
		{484D426D-2F84-4997-B105-5D5FC1566F8E}.Debug|Any CPU.ActiveCfg = Debug|Any CPU
		{484D426D-2F84-4997-B105-5D5FC1566F8E}.Debug|Any CPU.Build.0 = Debug|Any CPU
		{484D426D-2F84-4997-B105-5D5FC1566F8E}.Release|Any CPU.ActiveCfg = Release|Any CPU
		{484D426D-2F84-4997-B105-5D5FC1566F8E}.Release|Any CPU.Build.0 = Release|Any CPU
		{64433351-4E18-4D06-BC4F-DA4AE6386D64}.Debug|Any CPU.ActiveCfg = Debug|Any CPU
		{64433351-4E18-4D06-BC4F-DA4AE6386D64}.Debug|Any CPU.Build.0 = Debug|Any CPU
		{64433351-4E18-4D06-BC4F-DA4AE6386D64}.Release|Any CPU.ActiveCfg = Release|Any CPU
		{64433351-4E18-4D06-BC4F-DA4AE6386D64}.Release|Any CPU.Build.0 = Release|Any CPU
		{36F6BDC0-41DA-44BE-971F-DF7992D881A4}.Debug|Any CPU.ActiveCfg = Debug|Any CPU
		{36F6BDC0-41DA-44BE-971F-DF7992D881A4}.Debug|Any CPU.Build.0 = Debug|Any CPU
		{36F6BDC0-41DA-44BE-971F-DF7992D881A4}.Release|Any CPU.ActiveCfg = Release|Any CPU
		{36F6BDC0-41DA-44BE-971F-DF7992D881A4}.Release|Any CPU.Build.0 = Release|Any CPU
		{FA55CBFF-B3DA-4816-9343-3B524C73A0DD}.Debug|Any CPU.ActiveCfg = Debug|Any CPU
		{FA55CBFF-B3DA-4816-9343-3B524C73A0DD}.Debug|Any CPU.Build.0 = Debug|Any CPU
		{FA55CBFF-B3DA-4816-9343-3B524C73A0DD}.Release|Any CPU.ActiveCfg = Release|Any CPU
		{FA55CBFF-B3DA-4816-9343-3B524C73A0DD}.Release|Any CPU.Build.0 = Release|Any CPU
		{44CA7AB4-8E8E-4135-A61E-C4D53C702EBB}.Debug|Any CPU.ActiveCfg = Debug|Any CPU
		{44CA7AB4-8E8E-4135-A61E-C4D53C702EBB}.Debug|Any CPU.Build.0 = Debug|Any CPU
		{44CA7AB4-8E8E-4135-A61E-C4D53C702EBB}.Release|Any CPU.ActiveCfg = Release|Any CPU
		{44CA7AB4-8E8E-4135-A61E-C4D53C702EBB}.Release|Any CPU.Build.0 = Release|Any CPU
	EndGlobalSection
	GlobalSection(SolutionProperties) = preSolution
		HideSolutionNode = FALSE
	EndGlobalSection
	GlobalSection(ExtensibilityGlobals) = postSolution
		SolutionGuid = {7DA0B022-9AD0-4C30-AEBE-0C21BF910634}
	EndGlobalSection
EndGlobal
